#MicroXplorer Configuration settings - do not modify
#Tue May 17 21:16:42 CEST 2016
CAN.CalculateTimeBit-Master=6000
CAN.CalculateTimeQuantum-Master=2000
CAN.IPParameters=CalculateTimeQuantum-Master,CalculateTimeBit-Master
File.Version=4
KeepUserPlacement=false
Mcu.Family=STM32F3
Mcu.IP0=CAN
Mcu.IP1=NVIC
Mcu.IP2=RCC
Mcu.IP3=SYS
Mcu.IP4=USART1
Mcu.IP5=USART2
Mcu.IPNb=6
Mcu.Name=STM32F303C(6-8)Tx
Mcu.Package=LQFP48
Mcu.Pin0=PF0 / OSC_IN
Mcu.Pin1=PF1 / OSC_OUT
Mcu.Pin10=PB9
Mcu.Pin2=PA2
Mcu.Pin3=PA3
Mcu.Pin4=PA8
Mcu.Pin5=PA13
Mcu.Pin6=PA14
Mcu.Pin7=PB6
Mcu.Pin8=PB7
Mcu.Pin9=PB8
Mcu.PinsNb=11
Mcu.UserName=STM32F303C6Tx
NVIC.PriorityGroup=NVIC_PRIORITYGROUP_0
NVIC.SysTick_IRQn=true\:0\:0
PA13.Mode=Serial-Wire
PA13.Signal=SYS_JTMS-SWDIO
PA14.Mode=Serial-Wire
PA14.Signal=SYS_JTCK-SWCLK
PA2.Mode=Asynchronous
PA2.Signal=USART2_TX
PA3.Mode=Asynchronous
PA3.Signal=USART2_RX
PA8.Mode=Clock-out
PA8.Signal=RCC_MCO
PB6.Locked=true
PB6.Mode=Asynchronous
PB6.Signal=USART1_TX
PB7.Locked=true
PB7.Mode=Asynchronous
PB7.Signal=USART1_RX
PB8.Locked=true
PB8.Mode=Master
PB8.Signal=CAN_RX
PB9.Locked=true
PB9.Mode=Master
PB9.Signal=CAN_TX
PCC.Family=STM32F3
PCC.MCU=STM32F303C(6-8)Tx
PCC.MXVersion=4.3.1
PCC.PartNumber=STM32F303C6Tx
PCC.Seq0=0
PCC.SubFamily=STM32F303
PCC.Temperature=25
PCC.Vdd=3.6
PF0\ /\ OSC_IN.Mode=HSE-External-Oscillator
PF0\ /\ OSC_IN.Signal=RCC_OSC_IN
PF1\ /\ OSC_OUT.Mode=HSE-External-Oscillator
PF1\ /\ OSC_OUT.Signal=RCC_OSC_OUT
RCC.FamilyName=M
RCC.HSE_VALUE=8000000
RCC.HSI_VALUE=8000000
RCC.IPParameters=,LSI_VALUE,FamilyName,LSE_VALUE,HSE_VALUE,HSI_VALUE
RCC.LSE_VALUE=32768
RCC.LSI_VALUE=40000
